
Microsoft Visual Studio Solution File, Format Version 12.00
# Visual Studio Version 17
VisualStudioVersion = 17.1.32421.90
MinimumVisualStudioVersion = 10.0.40219.1
Project("{FAE04EC0-301F-11D3-BF4B-00C04F79EFBC}") = "IntroToGithub2.FrontEnd", "IntroToGithub2.FrontEnd\IntroToGithub2.FrontEnd.csproj", "{78888A62-C0E0-4040-86BA-3BDF8D7F9469}"
EndProject
Global
	GlobalSection(SolutionConfigurationPlatforms) = preSolution
		Debug|Any CPU = Debug|Any CPU
		Release|Any CPU = Release|Any CPU
	EndGlobalSection
	GlobalSection(ProjectConfigurationPlatforms) = postSolution
		{78888A62-C0E0-4040-86BA-3BDF8D7F9469}.Debug|Any CPU.ActiveCfg = Debug|Any CPU
		{78888A62-C0E0-4040-86BA-3BDF8D7F9469}.Debug|Any CPU.Build.0 = Debug|Any CPU
		{78888A62-C0E0-4040-86BA-3BDF8D7F9469}.Release|Any CPU.ActiveCfg = Release|Any CPU
		{78888A62-C0E0-4040-86BA-3BDF8D7F9469}.Release|Any CPU.Build.0 = Release|Any CPU
	EndGlobalSection
	GlobalSection(SolutionProperties) = preSolution
		HideSolutionNode = FALSE
	EndGlobalSection
	GlobalSection(ExtensibilityGlobals) = postSolution
		SolutionGuid = {512860F2-7090-40B5-92C8-5B69F5625387}
	EndGlobalSection
EndGlobal
