
Microsoft Visual Studio Solution File, Format Version 12.00
# Visual Studio Version 17
VisualStudioVersion = 17.1.32421.90
MinimumVisualStudioVersion = 10.0.40219.1
Project("{FAE04EC0-301F-11D3-BF4B-00C04F79EFBC}") = "IntroToGitHub.FrontEnd", "IntroToGitHub.FrontEnd\IntroToGitHub.FrontEnd.csproj", "{C473D897-82E4-44BD-9DA1-E3DE6A7B935A}"
EndProject
Global
	GlobalSection(SolutionConfigurationPlatforms) = preSolution
		Debug|Any CPU = Debug|Any CPU
		Release|Any CPU = Release|Any CPU
	EndGlobalSection
	GlobalSection(ProjectConfigurationPlatforms) = postSolution
		{C473D897-82E4-44BD-9DA1-E3DE6A7B935A}.Debug|Any CPU.ActiveCfg = Debug|Any CPU
		{C473D897-82E4-44BD-9DA1-E3DE6A7B935A}.Debug|Any CPU.Build.0 = Debug|Any CPU
		{C473D897-82E4-44BD-9DA1-E3DE6A7B935A}.Release|Any CPU.ActiveCfg = Release|Any CPU
		{C473D897-82E4-44BD-9DA1-E3DE6A7B935A}.Release|Any CPU.Build.0 = Release|Any CPU
	EndGlobalSection
	GlobalSection(SolutionProperties) = preSolution
		HideSolutionNode = FALSE
	EndGlobalSection
	GlobalSection(ExtensibilityGlobals) = postSolution
		SolutionGuid = {D65F2634-6974-4ED2-B2B0-EBD76D4819D3}
	EndGlobalSection
EndGlobal
